
Microsoft Visual Studio Solution File, Format Version 12.00
# Visual Studio Version 16
VisualStudioVersion = 16.0.29920.165
MinimumVisualStudioVersion = 10.0.40219.1
Project("{FAE04EC0-301F-11D3-BF4B-00C04F79EFBC}") = "ClassLibrary", "ClassLibrary\ClassLibrary.csproj", "{9F7864B3-3366-4E3A-89B4-C052053D708D}"
EndProject
Global
	GlobalSection(SolutionConfigurationPlatforms) = preSolution
		Debug|Any CPU = Debug|Any CPU
		Release|Any CPU = Release|Any CPU
	EndGlobalSection
	GlobalSection(ProjectConfigurationPlatforms) = postSolution
		{9F7864B3-3366-4E3A-89B4-C052053D708D}.Debug|Any CPU.ActiveCfg = Debug|Any CPU
		{9F7864B3-3366-4E3A-89B4-C052053D708D}.Debug|Any CPU.Build.0 = Debug|Any CPU
		{9F7864B3-3366-4E3A-89B4-C052053D708D}.Release|Any CPU.ActiveCfg = Release|Any CPU
		{9F7864B3-3366-4E3A-89B4-C052053D708D}.Release|Any CPU.Build.0 = Release|Any CPU
	EndGlobalSection
	GlobalSection(SolutionProperties) = preSolution
		HideSolutionNode = FALSE
	EndGlobalSection
	GlobalSection(ExtensibilityGlobals) = postSolution
		SolutionGuid = {FE51A902-FCE9-44D8-A6F7-7F8C521C9A0E}
	EndGlobalSection
EndGlobal
