
Microsoft Visual Studio Solution File, Format Version 12.00
# Visual Studio Version 16
VisualStudioVersion = 16.0.29920.165
MinimumVisualStudioVersion = 10.0.40219.1
Project("{FAE04EC0-301F-11D3-BF4B-00C04F79EFBC}") = "WpfCustomControlLibrary", "WpfCustomControlLibrary\WpfCustomControlLibrary.csproj", "{689464D9-CE30-4F0F-A425-23936B03DC30}"
EndProject
Global
	GlobalSection(SolutionConfigurationPlatforms) = preSolution
		Debug|Any CPU = Debug|Any CPU
		Release|Any CPU = Release|Any CPU
	EndGlobalSection
	GlobalSection(ProjectConfigurationPlatforms) = postSolution
		{689464D9-CE30-4F0F-A425-23936B03DC30}.Debug|Any CPU.ActiveCfg = Debug|Any CPU
		{689464D9-CE30-4F0F-A425-23936B03DC30}.Debug|Any CPU.Build.0 = Debug|Any CPU
		{689464D9-CE30-4F0F-A425-23936B03DC30}.Release|Any CPU.ActiveCfg = Release|Any CPU
		{689464D9-CE30-4F0F-A425-23936B03DC30}.Release|Any CPU.Build.0 = Release|Any CPU
	EndGlobalSection
	GlobalSection(SolutionProperties) = preSolution
		HideSolutionNode = FALSE
	EndGlobalSection
	GlobalSection(ExtensibilityGlobals) = postSolution
		SolutionGuid = {DA850D3A-0477-43A1-BDC2-C9DB5FD8D6D9}
	EndGlobalSection
EndGlobal
